{
    "name": "@softvisio/vuex",
    "version": "0.2.1",
    "lockfileVersion": 1,
    "requires": true,
    "dependencies": {
        "vuex": {
            "version": "3.6.1",
            "resolved": "https://registry.npmjs.org/vuex/-/vuex-3.6.1.tgz",
            "integrity": "sha512-fsVwP9akzE2TYxZcFm3SHQgbyOI5c13IZJ9GH1ivrCeTaXk8JiEm9szJvIxO5+evu2+REk2E9smjce+9vgVGLg=="
        }
    }
}
